# This file was autogenerated by uv via the following command:
#    uv pip compile requirements.txt -o requirements.lock --python-platform linux --python-version 3.11
aiofiles==25.1.0
    # via httpxthrottlecache
aiohappyeyeballs==2.6.1
    # via aiohttp
aiohttp==3.13.5
    # via
    #   alpaca-trade-api
    #   web3
aiosignal==1.4.0
    # via aiohttp
aiosqlite==0.22.1
    # via prefect
alembic==1.18.4
    # via prefect
alpaca-trade-api==3.2.0
    # via -r requirements.txt
annotated-doc==0.0.4
    # via fastapi
annotated-types==0.7.0
    # via pydantic
anyio==4.13.0
    # via
    #   httpx
    #   mcp
    #   openai
    #   prefect
    #   sse-starlette
    #   starlette
apprise==1.10.0
    # via prefect
asgi-lifespan==2.1.0
    # via prefect
asgiref==3.12.1
    # via opentelemetry-instrumentation-asgi
async-timeout==5.0.1
    # via redis
asyncpg==0.31.0
    # via
    #   -r requirements.txt
    #   prefect
attrs==26.1.0
    # via
    #   aiohttp
    #   cyclopts
    #   jsonschema
    #   referencing
authlib==1.7.0
    # via fastmcp
beautifulsoup4==4.14.3
    # via
    #   edgartools
    #   yfinance
bitarray==3.8.1
    # via eth-account
cachetools==5.5.2
    # via prefect
certifi==2025.11.12
    # via
    #   apprise
    #   curl-cffi
    #   httpcore
    #   httpx
    #   polygon-api-client
    #   requests
    #   sentry-sdk
cffi==2.0.0
    # via
    #   cryptography
    #   curl-cffi
charset-normalizer==3.4.7
    # via requests
ckzg==2.1.7
    # via eth-account
click==8.1.8
    # via
    #   apprise
    #   prefect
    #   typer
    #   uvicorn
cloudpickle==3.1.2
    # via prefect
colorama==0.4.6
    # via griffe
contourpy==1.3.3
    # via matplotlib
coolname==2.2.0
    # via prefect
cryptography==47.0.0
    # via
    #   authlib
    #   google-auth
    #   joserfc
    #   prefect
curl-cffi==0.15.0
    # via yfinance
cycler==0.12.1
    # via matplotlib
cyclopts==4.11.0
    # via fastmcp
cytoolz==1.1.0
    # via eth-utils
dateparser==1.4.0
    # via prefect
deprecation==2.1.0
    # via alpaca-trade-api
distro==1.9.0
    # via openai
dnspython==2.8.0
    # via email-validator
docker==7.1.0
    # via prefect
docstring-parser==0.18.0
    # via cyclopts
docutils==0.22.4
    # via rich-rst
edgartools==5.30.2
    # via -r requirements.txt
email-validator==2.3.0
    # via pydantic
eth-abi==5.2.0
    # via
    #   eth-account
    #   web3
eth-account==0.13.7
    # via web3
eth-hash==0.8.0
    # via
    #   eth-utils
    #   web3
eth-keyfile==0.8.1
    # via eth-account
eth-keys==0.7.0
    # via
    #   eth-account
    #   eth-keyfile
eth-rlp==2.2.0
    # via eth-account
eth-typing==6.0.0
    # via
    #   eth-abi
    #   eth-keys
    #   eth-utils
    #   web3
eth-utils==6.0.0
    # via
    #   eth-abi
    #   eth-account
    #   eth-keyfile
    #   eth-keys
    #   eth-rlp
    #   rlp
    #   web3
exceptiongroup==1.3.1
    # via
    #   fastmcp
    #   prefect
fastapi==0.136.1
    # via
    #   -r requirements.txt
    #   prefect
    #   sentry-sdk
fastmcp==2.12.5
    # via -r requirements.txt
filelock==3.29.0
    # via httpxthrottlecache
fonttools==4.62.1
    # via matplotlib
frozendict==2.4.7
    # via yfinance
frozenlist==1.8.0
    # via
    #   aiohttp
    #   aiosignal
fsspec==2026.4.0
    # via prefect
google-ai-generativelanguage==0.6.15
    # via google-generativeai
google-api-core==2.25.2
    # via
    #   google-ai-generativelanguage
    #   google-api-python-client
    #   google-generativeai
google-api-python-client==2.195.0
    # via google-generativeai
google-auth==2.50.0
    # via
    #   google-ai-generativelanguage
    #   google-api-core
    #   google-api-python-client
    #   google-auth-httplib2
    #   google-generativeai
google-auth-httplib2==0.3.1
    # via google-api-python-client
google-generativeai==0.8.6
    # via -r requirements.txt
googleapis-common-protos==1.74.0
    # via
    #   google-api-core
    #   grpcio-status
    #   opentelemetry-exporter-otlp-proto-http
graphviz==0.21
    # via prefect
greenlet==3.5.0
    # via sqlalchemy
griffe==1.15.0
    # via prefect
grpcio==1.80.0
    # via
    #   -r requirements.txt
    #   google-api-core
    #   grpcio-status
    #   grpcio-tools
grpcio-status==1.71.2
    # via google-api-core
grpcio-tools==1.71.2
    # via -r requirements.txt
h11==0.16.0
    # via
    #   httpcore
    #   uvicorn
h2==4.3.0
    # via httpx
hexbytes==1.3.1
    # via
    #   eth-account
    #   eth-rlp
    #   web3
holidays==0.95
    # via -r requirements.txt
hpack==4.1.0
    # via h2
html5lib==1.1
    # via -r requirements.txt
httpcore==1.0.9
    # via
    #   httpx
    #   prefect
httplib2==0.31.2
    # via
    #   google-api-python-client
    #   google-auth-httplib2
httpx==0.28.1
    # via
    #   edgartools
    #   fastmcp
    #   httpxthrottlecache
    #   langgraph-sdk
    #   langsmith
    #   mcp
    #   openai
    #   prefect
    #   python-telegram-bot
httpx-sse==0.4.3
    # via mcp
httpxthrottlecache==0.3.5
    # via edgartools
humanize==4.15.0
    # via
    #   edgartools
    #   jinja2-humanize-extension
    #   prefect
hyperframe==6.1.0
    # via h2
idna==3.13
    # via
    #   anyio
    #   email-validator
    #   httpx
    #   requests
    #   yarl
importlib-metadata==8.7.1
    # via opentelemetry-api
iniconfig==2.3.0
    # via pytest
isodate==0.7.2
    # via openapi-core
jinja2==3.1.6
    # via
    #   edgartools
    #   jinja2-humanize-extension
    #   prefect
jinja2-humanize-extension==0.4.0
    # via prefect
jiter==0.14.0
    # via openai
joserfc==1.6.4
    # via authlib
jsonpatch==1.33
    # via
    #   langchain-core
    #   prefect
jsonpointer==3.1.1
    # via jsonpatch
jsonschema==4.26.0
    # via
    #   mcp
    #   openapi-core
    #   openapi-schema-validator
    #   openapi-spec-validator
    #   prefect
jsonschema-path==0.4.6
    # via
    #   openapi-core
    #   openapi-spec-validator
jsonschema-specifications==2025.9.1
    # via
    #   jsonschema
    #   openapi-schema-validator
kiwisolver==1.5.0
    # via matplotlib
langchain-core==1.3.2
    # via
    #   langgraph
    #   langgraph-checkpoint
    #   langgraph-prebuilt
langchain-protocol==0.0.14
    # via langchain-core
langgraph==1.1.10
    # via -r requirements.txt
langgraph-checkpoint==4.0.3
    # via
    #   langgraph
    #   langgraph-prebuilt
langgraph-prebuilt==1.0.13
    # via langgraph
langgraph-sdk==0.3.13
    # via langgraph
langsmith==0.8.0
    # via langchain-core
lazy-object-proxy==1.12.0
    # via openapi-spec-validator
lxml==6.1.0
    # via edgartools
mako==1.3.12
    # via alembic
markdown==3.10.2
    # via apprise
markdown-it-py==4.0.0
    # via rich
markupsafe==3.0.3
    # via
    #   jinja2
    #   mako
    #   werkzeug
matplotlib==3.10.9
    # via
    #   -r requirements.txt
    #   quantstats
    #   seaborn
mcp==1.16.0
    # via fastmcp
mdurl==0.1.2
    # via markdown-it-py
more-itertools==11.0.2
    # via openapi-core
msgpack==1.0.3
    # via alpaca-trade-api
multidict==6.7.1
    # via
    #   aiohttp
    #   yarl
multitasking==0.0.13
    # via yfinance
nest-asyncio==1.6.0
    # via edgartools
numpy==2.4.4
    # via
    #   -r requirements.txt
    #   alpaca-trade-api
    #   contourpy
    #   matplotlib
    #   pandas
    #   patsy
    #   quantstats
    #   rank-bm25
    #   scipy
    #   seaborn
    #   statsmodels
    #   yfinance
oauthlib==3.3.1
    # via requests-oauthlib
openai==2.33.0
    # via -r requirements.txt
openapi-core==0.23.1
    # via fastmcp
openapi-pydantic==0.5.1
    # via fastmcp
openapi-schema-validator==0.8.1
    # via
    #   openapi-core
    #   openapi-spec-validator
openapi-spec-validator==0.8.5
    # via openapi-core
opentelemetry-api==1.41.1
    # via
    #   opentelemetry-exporter-otlp-proto-http
    #   opentelemetry-instrumentation
    #   opentelemetry-instrumentation-asgi
    #   opentelemetry-instrumentation-fastapi
    #   opentelemetry-sdk
    #   opentelemetry-semantic-conventions
    #   prefect
opentelemetry-exporter-otlp-proto-common==1.41.1
    # via opentelemetry-exporter-otlp-proto-http
opentelemetry-exporter-otlp-proto-http==1.41.1
    # via -r requirements.txt
opentelemetry-instrumentation==0.62b1
    # via
    #   opentelemetry-instrumentation-asgi
    #   opentelemetry-instrumentation-fastapi
opentelemetry-instrumentation-asgi==0.62b1
    # via opentelemetry-instrumentation-fastapi
opentelemetry-instrumentation-fastapi==0.62b1
    # via -r requirements.txt
opentelemetry-proto==1.41.1
    # via
    #   opentelemetry-exporter-otlp-proto-common
    #   opentelemetry-exporter-otlp-proto-http
opentelemetry-sdk==1.41.1
    # via
    #   -r requirements.txt
    #   opentelemetry-exporter-otlp-proto-http
opentelemetry-semantic-conventions==0.62b1
    # via
    #   opentelemetry-instrumentation
    #   opentelemetry-instrumentation-asgi
    #   opentelemetry-instrumentation-fastapi
    #   opentelemetry-sdk
opentelemetry-util-http==0.62b1
    # via
    #   opentelemetry-instrumentation-asgi
    #   opentelemetry-instrumentation-fastapi
orjson==3.11.8
    # via
    #   edgartools
    #   langgraph-sdk
    #   langsmith
    #   prefect
ormsgpack==1.12.2
    # via langgraph-checkpoint
packaging==24.2
    # via
    #   deprecation
    #   langchain-core
    #   langsmith
    #   matplotlib
    #   opentelemetry-instrumentation
    #   prefect
    #   pytest
    #   statsmodels
pandas==3.0.2
    # via
    #   -r requirements.txt
    #   alpaca-trade-api
    #   edgartools
    #   quantstats
    #   seaborn
    #   statsmodels
    #   yfinance
parsimonious==0.10.0
    # via eth-abi
pathable==0.5.0
    # via jsonschema-path
pathspec==1.1.1
    # via prefect
patsy==1.0.2
    # via statsmodels
peewee==4.0.5
    # via yfinance
pendulum==3.2.0
    # via prefect
pillow==12.2.0
    # via matplotlib
platformdirs==4.9.6
    # via yfinance
pluggy==1.6.0
    # via pytest
polygon-api-client==1.15.4
    # via -r requirements.txt
prefect==3.2.7
    # via -r requirements.txt
prometheus-client==0.25.0
    # via prefect
propcache==0.4.1
    # via
    #   aiohttp
    #   yarl
proto-plus==1.27.2
    # via
    #   google-ai-generativelanguage
    #   google-api-core
protobuf==5.29.6
    # via
    #   google-ai-generativelanguage
    #   google-api-core
    #   google-generativeai
    #   googleapis-common-protos
    #   grpcio-status
    #   grpcio-tools
    #   opentelemetry-proto
    #   proto-plus
psutil==7.2.2
    # via -r requirements.txt
pyarrow==24.0.0
    # via edgartools
pyasn1==0.6.3
    # via pyasn1-modules
pyasn1-modules==0.4.2
    # via google-auth
pycparser==3.0
    # via cffi
pycryptodome==3.23.0
    # via
    #   eth-hash
    #   eth-keyfile
pydantic==2.13.3
    # via
    #   -r requirements.txt
    #   edgartools
    #   eth-account
    #   eth-utils
    #   fastapi
    #   fastmcp
    #   google-generativeai
    #   langchain-core
    #   langgraph
    #   langsmith
    #   mcp
    #   openai
    #   openapi-pydantic
    #   openapi-schema-validator
    #   openapi-spec-validator
    #   prefect
    #   pydantic-extra-types
    #   pydantic-settings
    #   web3
pydantic-core==2.46.3
    # via
    #   prefect
    #   pydantic
pydantic-extra-types==2.11.1
    # via prefect
pydantic-settings==2.14.0
    # via
    #   -r requirements.txt
    #   mcp
    #   openapi-schema-validator
    #   openapi-spec-validator
    #   prefect
pygments==2.20.0
    # via
    #   pytest
    #   rich
pyparsing==3.3.2
    # via
    #   httplib2
    #   matplotlib
pyperclip==1.11.0
    # via fastmcp
pyrate-limiter==4.1.0
    # via
    #   edgartools
    #   httpxthrottlecache
pytest==9.0.3
    # via
    #   -r requirements.txt
    #   pytest-asyncio
    #   pytest-mock
pytest-asyncio==1.3.0
    # via -r requirements.txt
pytest-mock==3.15.1
    # via -r requirements.txt
python-dateutil==2.9.0.post0
    # via
    #   dateparser
    #   holidays
    #   matplotlib
    #   pandas
    #   pendulum
    #   prefect
    #   quantstats
python-dotenv==1.2.2
    # via
    #   -r requirements.txt
    #   fastmcp
    #   pydantic-settings
python-multipart==0.0.27
    # via mcp
python-slugify==8.0.4
    # via prefect
python-socks==2.8.1
    # via prefect
python-telegram-bot==22.7
    # via -r requirements.txt
pytz==2025.2
    # via
    #   -r requirements.txt
    #   dateparser
    #   prefect
    #   yfinance
pyunormalize==17.0.0
    # via web3
pyyaml==6.0.1
    # via
    #   alpaca-trade-api
    #   apprise
    #   jsonschema-path
    #   langchain-core
    #   prefect
quantstats==0.0.81
    # via -r requirements.txt
rank-bm25==0.2.2
    # via edgartools
rapidfuzz==3.14.5
    # via edgartools
readchar==4.2.2
    # via prefect
redis==7.4.0
    # via -r requirements.txt
referencing==0.37.0
    # via
    #   jsonschema
    #   jsonschema-path
    #   jsonschema-specifications
    #   openapi-schema-validator
regex==2026.4.4
    # via
    #   dateparser
    #   parsimonious
requests==2.33.1
    # via
    #   -r requirements.txt
    #   alpaca-trade-api
    #   apprise
    #   docker
    #   google-api-core
    #   langsmith
    #   opentelemetry-exporter-otlp-proto-http
    #   requests-oauthlib
    #   requests-toolbelt
    #   web3
    #   yfinance
requests-oauthlib==2.0.0
    # via apprise
requests-toolbelt==1.0.0
    # via langsmith
rfc3339-validator==0.1.4
    # via
    #   openapi-schema-validator
    #   prefect
rich==13.9.4
    # via
    #   -r requirements.txt
    #   curl-cffi
    #   cyclopts
    #   edgartools
    #   fastmcp
    #   prefect
    #   rich-rst
    #   typer
rich-rst==1.3.2
    # via cyclopts
rlp==4.1.0
    # via
    #   eth-account
    #   eth-rlp
rpds-py==0.30.0
    # via
    #   jsonschema
    #   referencing
ruamel-yaml==0.19.1
    # via prefect
scipy==1.17.1
    # via
    #   -r requirements.txt
    #   quantstats
    #   statsmodels
seaborn==0.13.2
    # via quantstats
sentry-sdk==2.67.1
    # via -r requirements.txt
setuptools==82.0.1
    # via grpcio-tools
shellingham==1.5.4
    # via typer
six==1.17.0
    # via
    #   html5lib
    #   python-dateutil
    #   rfc3339-validator
sniffio==1.3.1
    # via
    #   asgi-lifespan
    #   openai
    #   prefect
soupsieve==2.8.3
    # via beautifulsoup4
sqlalchemy==2.0.49
    # via
    #   -r requirements.txt
    #   alembic
    #   prefect
sqlite-vec==0.1.9
    # via -r requirements.txt
sse-starlette==3.4.1
    # via
    #   -r requirements.txt
    #   mcp
stamina==26.1.0
    # via edgartools
starlette==1.0.0
    # via
    #   fastapi
    #   mcp
    #   sse-starlette
statsmodels==0.14.6
    # via -r requirements.txt
tabulate==0.10.0
    # via
    #   edgartools
    #   quantstats
tenacity==9.1.4
    # via
    #   -r requirements.txt
    #   langchain-core
    #   stamina
text-unidecode==1.3
    # via python-slugify
textdistance==4.6.3
    # via edgartools
toml==0.10.2
    # via prefect
toolz==1.1.0
    # via cytoolz
tqdm==4.67.3
    # via
    #   edgartools
    #   google-generativeai
    #   openai
truststore==0.10.4
    # via edgartools
typer==0.15.4
    # via prefect
types-requests==2.31.0.6
    # via web3
types-urllib3==1.26.25.14
    # via types-requests
typing-extensions==4.15.0
    # via
    #   aiosignal
    #   alembic
    #   anyio
    #   beautifulsoup4
    #   eth-typing
    #   exceptiongroup
    #   fastapi
    #   google-generativeai
    #   grpcio
    #   langchain-core
    #   langchain-protocol
    #   openai
    #   openapi-core
    #   opentelemetry-api
    #   opentelemetry-exporter-otlp-proto-http
    #   opentelemetry-sdk
    #   opentelemetry-semantic-conventions
    #   prefect
    #   pydantic
    #   pydantic-core
    #   pydantic-extra-types
    #   pytest-asyncio
    #   referencing
    #   sqlalchemy
    #   starlette
    #   typer
    #   typing-inspection
    #   web3
typing-inspection==0.4.2
    # via
    #   fastapi
    #   pydantic
    #   pydantic-settings
tzdata==2026.2
    # via pendulum
tzlocal==5.3.1
    # via dateparser
ujson==5.12.0
    # via prefect
unidecode==1.4.0
    # via edgartools
uritemplate==4.2.0
    # via google-api-python-client
urllib3==1.26.20
    # via
    #   alpaca-trade-api
    #   docker
    #   polygon-api-client
    #   requests
    #   sentry-sdk
uuid-utils==0.14.1
    # via
    #   langchain-core
    #   langsmith
uvicorn==0.46.0
    # via
    #   -r requirements.txt
    #   mcp
    #   prefect
web3==7.15.0
    # via -r requirements.txt
webencodings==0.5.1
    # via html5lib
websocket-client==1.9.0
    # via alpaca-trade-api
websockets==10.4
    # via
    #   -r requirements.txt
    #   alpaca-trade-api
    #   polygon-api-client
    #   prefect
    #   web3
werkzeug==3.1.8
    # via openapi-core
wrapt==2.3.0
    # via opentelemetry-instrumentation
xxhash==3.7.0
    # via
    #   langgraph
    #   langsmith
yarl==1.23.0
    # via aiohttp
yfinance==0.2.58
    # via
    #   -r requirements.txt
    #   quantstats
zipp==3.23.1
    # via importlib-metadata
zstandard==0.25.0
    # via langsmith
